{
  "pins" : [
    {
      "identity" : "agorartcengine_ios",
      "kind" : "remoteSourceControl",
      "location" : "https://github.com/AgoraIO/AgoraRtcEngine_iOS",
      "state" : {
        "revision" : "75d5b9ce6e3676c1e6efaf91fbdfaafb8d20daa6",
        "version" : "4.3.0"
      }
    }
  ],
  "version" : 2
}
